
Microsoft Visual Studio Solution File, Format Version 12.00
Project("{FAE04EC0-301F-11D3-BF4B-00C04F79EFBC}") = "MCMDirect", "MCMDirect\MCMDirect.csproj", "{DAF4A3C4-A15C-4223-B082-B177E5FB3014}"
EndProject
Global
	GlobalSection(SolutionConfigurationPlatforms) = preSolution
		Debug|Any CPU = Debug|Any CPU
		Release|Any CPU = Release|Any CPU
	EndGlobalSection
	GlobalSection(ProjectConfigurationPlatforms) = postSolution
		{DAF4A3C4-A15C-4223-B082-B177E5FB3014}.Debug|Any CPU.ActiveCfg = Debug|Any CPU
		{DAF4A3C4-A15C-4223-B082-B177E5FB3014}.Debug|Any CPU.Build.0 = Debug|Any CPU
		{DAF4A3C4-A15C-4223-B082-B177E5FB3014}.Release|Any CPU.ActiveCfg = Release|Any CPU
		{DAF4A3C4-A15C-4223-B082-B177E5FB3014}.Release|Any CPU.Build.0 = Release|Any CPU
	EndGlobalSection
EndGlobal
